{
  "version": 4,
  "terraform_version": "1.3.7",
  "serial": 17,
  "lineage": "37c49701-520c-af68-4567-c47e47063bff",
  "outputs": {},
  "resources": [
    {
      "mode": "managed",
      "type": "azurerm_app_service",
      "name": "appservice",
      "provider": "provider[\"registry.terraform.io/hashicorp/azurerm\"]",
      "instances": [
        {
          "schema_version": 0,
          "attributes": {
            "app_service_plan_id": "/subscriptions/777c3b0d-95fe-45ee-a36e-3784cc1918b1/resourceGroups/mahaksiacrg/providers/Microsoft.Web/serverfarms/mahaksiacaserviceplan",
            "app_settings": {
              "DOCKER_REGISTRY_SERVER_PASSWORD": "FQlMhcVVO8HIvHTQ5qgLcao3U5aGhDmNPU/9h6C+Xu+ACRBmUoWw",
              "DOCKER_REGISTRY_SERVER_URL": "mahaksiacacr.azurecr.io",
              "DOCKER_REGISTRY_SERVER_USERNAME": "mahaksiacacr",
              "WEBSITES_ENABLE_APP_SERVICE_STORAGE": "false",
              "WEBSITES_PORT": "80"
            },
            "auth_settings": [
              {
                "active_directory": [],
                "additional_login_params": {},
                "allowed_external_redirect_urls": [],
                "default_provider": "",
                "enabled": false,
                "facebook": [],
                "google": [],
                "issuer": "",
                "microsoft": [],
                "runtime_version": "",
                "token_refresh_extension_hours": 0,
                "token_store_enabled": false,
                "twitter": [],
                "unauthenticated_client_action": ""
              }
            ],
            "backup": [],
            "client_affinity_enabled": false,
            "client_cert_enabled": false,
            "connection_string": [],
            "custom_domain_verification_id": "FDD8FE7670073421041A8F47D6B196A9EE4356A65C0C945B88D8DB8C8AA6AE5F",
            "default_site_hostname": "mahaksiacappservice.azurewebsites.net",
            "enabled": true,
            "https_only": false,
            "id": "/subscriptions/777c3b0d-95fe-45ee-a36e-3784cc1918b1/resourceGroups/mahaksiacrg/providers/Microsoft.Web/sites/mahaksiacappservice",
            "identity": [],
            "location": "westus",
            "logs": [
              {
                "application_logs": [
                  {
                    "azure_blob_storage": [],
                    "file_system_level": "Off"
                  }
                ],
                "http_logs": [
                  {
                    "azure_blob_storage": [],
                    "file_system": []
                  }
                ]
              }
            ],
            "name": "mahaksiacappservice",
            "outbound_ip_address_list": [
              "20.245.97.201",
              "20.245.98.53",
              "20.245.98.157",
              "20.245.98.166",
              "20.245.98.182",
              "20.245.98.220",
              "40.112.243.104"
            ],
            "outbound_ip_addresses": "20.245.97.201,20.245.98.53,20.245.98.157,20.245.98.166,20.245.98.182,20.245.98.220,40.112.243.104",
            "possible_outbound_ip_address_list": [
              "20.245.97.201",
              "20.245.98.53",
              "20.245.98.157",
              "20.245.98.166",
              "20.245.98.182",
              "20.245.98.220",
              "20.245.97.7",
              "20.245.98.244",
              "20.245.99.1",
              "20.245.99.15",
              "20.245.96.173",
              "20.245.99.52",
              "20.245.99.129",
              "20.245.99.139",
              "20.245.99.142",
              "20.245.96.31",
              "20.245.100.111",
              "20.245.100.144",
              "20.245.100.148",
              "20.245.100.182",
              "20.245.100.237",
              "20.245.101.69",
              "20.245.101.202",
              "20.245.101.226",
              "20.245.101.238",
              "20.245.102.98",
              "20.245.102.100",
              "20.245.98.195",
              "20.245.102.133",
              "20.245.102.210",
              "40.112.243.104"
            ],
            "possible_outbound_ip_addresses": "20.245.97.201,20.245.98.53,20.245.98.157,20.245.98.166,20.245.98.182,20.245.98.220,20.245.97.7,20.245.98.244,20.245.99.1,20.245.99.15,20.245.96.173,20.245.99.52,20.245.99.129,20.245.99.139,20.245.99.142,20.245.96.31,20.245.100.111,20.245.100.144,20.245.100.148,20.245.100.182,20.245.100.237,20.245.101.69,20.245.101.202,20.245.101.226,20.245.101.238,20.245.102.98,20.245.102.100,20.245.98.195,20.245.102.133,20.245.102.210,40.112.243.104",
            "resource_group_name": "mahaksiacrg",
            "site_config": [
              {
                "always_on": false,
                "app_command_line": "",
                "auto_swap_slot_name": "",
                "cors": [],
                "default_documents": [
                  "Default.htm",
                  "Default.html",
                  "Default.asp",
                  "index.htm",
                  "index.html",
                  "iisstart.htm",
                  "default.aspx",
                  "index.php",
                  "hostingstart.html"
                ],
                "dotnet_framework_version": "v4.0",
                "ftps_state": "AllAllowed",
                "health_check_path": "",
                "http2_enabled": false,
                "ip_restriction": [],
                "java_container": "",
                "java_container_version": "",
                "java_version": "",
                "linux_fx_version": "",
                "local_mysql_enabled": false,
                "managed_pipeline_mode": "Integrated",
                "min_tls_version": "1.2",
                "php_version": "5.6",
                "python_version": "",
                "remote_debugging_enabled": false,
                "remote_debugging_version": "",
                "scm_ip_restriction": [],
                "scm_type": "None",
                "scm_use_main_ip_restriction": false,
                "use_32_bit_worker_process": true,
                "websockets_enabled": false,
                "windows_fx_version": ""
              }
            ],
            "site_credential": [
              {
                "password": "gQi9uBogcSu8XZeGoeBpCpJ4Tn3Zxzurb9nsJyhbB4qf3RzY6cZhmGrof7vu",
                "username": "$mahaksiacappservice"
              }
            ],
            "source_control": [
              {
                "branch": "master",
                "manual_integration": false,
                "repo_url": "",
                "rollback_enabled": false,
                "use_mercurial": false
              }
            ],
            "storage_account": [],
            "tags": null,
            "timeouts": null
          },
          "sensitive_attributes": [
            [
              {
                "type": "get_attr",
                "value": "app_settings"
              },
              {
                "type": "index",
                "value": {
                  "value": "DOCKER_REGISTRY_SERVER_PASSWORD",
                  "type": "string"
                }
              }
            ]
          ],
          "private": "eyJlMmJmYjczMC1lY2FhLTExZTYtOGY4OC0zNDM2M2JjN2M0YzAiOnsiY3JlYXRlIjoxODAwMDAwMDAwMDAwLCJkZWxldGUiOjE4MDAwMDAwMDAwMDAsInJlYWQiOjMwMDAwMDAwMDAwMCwidXBkYXRlIjoxODAwMDAwMDAwMDAwfX0=",
          "dependencies": [
            "azurerm_app_service_plan.serviceplan",
            "azurerm_container_registry.azurecontainerregistry",
            "azurerm_resource_group.resourcegroup"
          ]
        }
      ]
    },
    {
      "mode": "managed",
      "type": "azurerm_app_service_plan",
      "name": "serviceplan",
      "provider": "provider[\"registry.terraform.io/hashicorp/azurerm\"]",
      "instances": [
        {
          "schema_version": 0,
          "attributes": {
            "app_service_environment_id": "",
            "id": "/subscriptions/777c3b0d-95fe-45ee-a36e-3784cc1918b1/resourceGroups/mahaksiacrg/providers/Microsoft.Web/serverfarms/mahaksiacaserviceplan",
            "is_xenon": false,
            "kind": "Windows",
            "location": "westus",
            "maximum_elastic_worker_count": 1,
            "maximum_number_of_workers": 10,
            "name": "mahaksiacaserviceplan",
            "per_site_scaling": false,
            "reserved": false,
            "resource_group_name": "mahaksiacrg",
            "sku": [
              {
                "capacity": 1,
                "size": "S1",
                "tier": "Standard"
              }
            ],
            "tags": null,
            "timeouts": null
          },
          "sensitive_attributes": [],
          "private": "eyJlMmJmYjczMC1lY2FhLTExZTYtOGY4OC0zNDM2M2JjN2M0YzAiOnsiY3JlYXRlIjozNjAwMDAwMDAwMDAwLCJkZWxldGUiOjM2MDAwMDAwMDAwMDAsInJlYWQiOjMwMDAwMDAwMDAwMCwidXBkYXRlIjozNjAwMDAwMDAwMDAwfX0=",
          "dependencies": [
            "azurerm_resource_group.resourcegroup"
          ]
        }
      ]
    },
    {
      "mode": "managed",
      "type": "azurerm_container_registry",
      "name": "azurecontainerregistry",
      "provider": "provider[\"registry.terraform.io/hashicorp/azurerm\"]",
      "instances": [
        {
          "schema_version": 2,
          "attributes": {
            "admin_enabled": true,
            "admin_password": "FQlMhcVVO8HIvHTQ5qgLcao3U5aGhDmNPU/9h6C+Xu+ACRBmUoWw",
            "admin_username": "mahaksiacacr",
            "georeplication_locations": null,
            "id": "/subscriptions/777c3b0d-95fe-45ee-a36e-3784cc1918b1/resourceGroups/mahaksiacrg/providers/Microsoft.ContainerRegistry/registries/mahaksiacacr",
            "location": "westus",
            "login_server": "mahaksiacacr.azurecr.io",
            "name": "mahaksiacacr",
            "network_rule_set": [],
            "resource_group_name": "mahaksiacrg",
            "retention_policy": [
              {
                "days": 7,
                "enabled": false
              }
            ],
            "sku": "Standard",
            "storage_account_id": null,
            "tags": null,
            "timeouts": null,
            "trust_policy": [
              {
                "enabled": false
              }
            ]
          },
          "sensitive_attributes": [],
          "private": "eyJlMmJmYjczMC1lY2FhLTExZTYtOGY4OC0zNDM2M2JjN2M0YzAiOnsiY3JlYXRlIjoxODAwMDAwMDAwMDAwLCJkZWxldGUiOjE4MDAwMDAwMDAwMDAsInJlYWQiOjMwMDAwMDAwMDAwMCwidXBkYXRlIjoxODAwMDAwMDAwMDAwfSwic2NoZW1hX3ZlcnNpb24iOiIyIn0=",
          "dependencies": [
            "azurerm_resource_group.resourcegroup"
          ]
        }
      ]
    },
    {
      "mode": "managed",
      "type": "azurerm_resource_group",
      "name": "resourcegroup",
      "provider": "provider[\"registry.terraform.io/hashicorp/azurerm\"]",
      "instances": [
        {
          "schema_version": 0,
          "attributes": {
            "id": "/subscriptions/777c3b0d-95fe-45ee-a36e-3784cc1918b1/resourceGroups/mahaksiacrg",
            "location": "westus",
            "name": "mahaksiacrg",
            "tags": null,
            "timeouts": null
          },
          "sensitive_attributes": [],
          "private": "eyJlMmJmYjczMC1lY2FhLTExZTYtOGY4OC0zNDM2M2JjN2M0YzAiOnsiY3JlYXRlIjo1NDAwMDAwMDAwMDAwLCJkZWxldGUiOjU0MDAwMDAwMDAwMDAsInJlYWQiOjMwMDAwMDAwMDAwMCwidXBkYXRlIjo1NDAwMDAwMDAwMDAwfX0="
        }
      ]
    }
  ],
  "check_results": null
}
